
Microsoft Visual Studio Solution File, Format Version 12.00
# Visual Studio 15
VisualStudioVersion = 15.0.28010.2016
MinimumVisualStudioVersion = 10.0.40219.1
Project("{FAE04EC0-301F-11D3-BF4B-00C04F79EFBC}") = "NetStdLibrary", "NetStdLibrary\NetStdLibrary.csproj", "{4CA6C43D-2E87-4984-8CED-9EFD3B911726}"
EndProject
Global
	GlobalSection(SolutionConfigurationPlatforms) = preSolution
		Debug|Any CPU = Debug|Any CPU
		Release|Any CPU = Release|Any CPU
	EndGlobalSection
	GlobalSection(ProjectConfigurationPlatforms) = postSolution
		{4CA6C43D-2E87-4984-8CED-9EFD3B911726}.Debug|Any CPU.ActiveCfg = Debug|Any CPU
		{4CA6C43D-2E87-4984-8CED-9EFD3B911726}.Debug|Any CPU.Build.0 = Debug|Any CPU
		{4CA6C43D-2E87-4984-8CED-9EFD3B911726}.Release|Any CPU.ActiveCfg = Release|Any CPU
		{4CA6C43D-2E87-4984-8CED-9EFD3B911726}.Release|Any CPU.Build.0 = Release|Any CPU
	EndGlobalSection
	GlobalSection(SolutionProperties) = preSolution
		HideSolutionNode = FALSE
	EndGlobalSection
	GlobalSection(ExtensibilityGlobals) = postSolution
		SolutionGuid = {D896F651-5D6B-4342-A8C4-24E2AA029DD6}
	EndGlobalSection
EndGlobal
