
Microsoft Visual Studio Solution File, Format Version 12.00
# Visual Studio 14
VisualStudioVersion = 14.0.25420.1
MinimumVisualStudioVersion = 10.0.40219.1
Project("{FAE04EC0-301F-11D3-BF4B-00C04F79EFBC}") = "NetFxLibrary", "..\CommonLibrary\NetFxLibrary.csproj", "{DBE8BC4C-5358-4DC8-9D5D-2FBB71A9D9F3}"
EndProject
Project("{FAE04EC0-301F-11D3-BF4B-00C04F79EFBC}") = "MultiPurposeAuthSite", "MultiPurposeAuthSite\MultiPurposeAuthSite.csproj", "{4BA4D9DE-2656-4FBD-8F1F-31FC9583B5F5}"
EndProject
Global
	GlobalSection(SolutionConfigurationPlatforms) = preSolution
		Debug|Any CPU = Debug|Any CPU
		Debug|x86 = Debug|x86
		Release|Any CPU = Release|Any CPU
		Release|x86 = Release|x86
	EndGlobalSection
	GlobalSection(ProjectConfigurationPlatforms) = postSolution
		{DBE8BC4C-5358-4DC8-9D5D-2FBB71A9D9F3}.Debug|Any CPU.ActiveCfg = Debug|Any CPU
		{DBE8BC4C-5358-4DC8-9D5D-2FBB71A9D9F3}.Debug|Any CPU.Build.0 = Debug|Any CPU
		{DBE8BC4C-5358-4DC8-9D5D-2FBB71A9D9F3}.Debug|x86.ActiveCfg = Debug|Any CPU
		{DBE8BC4C-5358-4DC8-9D5D-2FBB71A9D9F3}.Debug|x86.Build.0 = Debug|Any CPU
		{DBE8BC4C-5358-4DC8-9D5D-2FBB71A9D9F3}.Release|Any CPU.ActiveCfg = Release|Any CPU
		{DBE8BC4C-5358-4DC8-9D5D-2FBB71A9D9F3}.Release|Any CPU.Build.0 = Release|Any CPU
		{DBE8BC4C-5358-4DC8-9D5D-2FBB71A9D9F3}.Release|x86.ActiveCfg = Release|Any CPU
		{DBE8BC4C-5358-4DC8-9D5D-2FBB71A9D9F3}.Release|x86.Build.0 = Release|Any CPU
		{4BA4D9DE-2656-4FBD-8F1F-31FC9583B5F5}.Debug|Any CPU.ActiveCfg = Debug|Any CPU
		{4BA4D9DE-2656-4FBD-8F1F-31FC9583B5F5}.Debug|Any CPU.Build.0 = Debug|Any CPU
		{4BA4D9DE-2656-4FBD-8F1F-31FC9583B5F5}.Debug|x86.ActiveCfg = Debug|Any CPU
		{4BA4D9DE-2656-4FBD-8F1F-31FC9583B5F5}.Debug|x86.Build.0 = Debug|Any CPU
		{4BA4D9DE-2656-4FBD-8F1F-31FC9583B5F5}.Release|Any CPU.ActiveCfg = Release|Any CPU
		{4BA4D9DE-2656-4FBD-8F1F-31FC9583B5F5}.Release|Any CPU.Build.0 = Release|Any CPU
		{4BA4D9DE-2656-4FBD-8F1F-31FC9583B5F5}.Release|x86.ActiveCfg = Release|Any CPU
		{4BA4D9DE-2656-4FBD-8F1F-31FC9583B5F5}.Release|x86.Build.0 = Release|Any CPU
	EndGlobalSection
	GlobalSection(SolutionProperties) = preSolution
		HideSolutionNode = FALSE
	EndGlobalSection
	GlobalSection(ExtensibilityGlobals) = postSolution
		SolutionGuid = {D89D73D6-6E87-40F5-BE72-5D8120023347}
	EndGlobalSection
EndGlobal
